
Microsoft Visual Studio Solution File, Format Version 12.00
# Visual Studio Version 17
VisualStudioVersion = 17.7.34221.43
MinimumVisualStudioVersion = 10.0.40219.1
Project("{8BC9CEB8-8B4A-11D0-8D11-00A0C91BC942}") = "Vjezba4", "Vjezba4\Vjezba4.vcxproj", "{804392B8-9E5F-4D7A-B624-CFC3F1938060}"
EndProject
Global
	GlobalSection(SolutionConfigurationPlatforms) = preSolution
		Debug|x64 = Debug|x64
		Debug|x86 = Debug|x86
		Release|x64 = Release|x64
		Release|x86 = Release|x86
	EndGlobalSection
	GlobalSection(ProjectConfigurationPlatforms) = postSolution
		{804392B8-9E5F-4D7A-B624-CFC3F1938060}.Debug|x64.ActiveCfg = Debug|x64
		{804392B8-9E5F-4D7A-B624-CFC3F1938060}.Debug|x64.Build.0 = Debug|x64
		{804392B8-9E5F-4D7A-B624-CFC3F1938060}.Debug|x86.ActiveCfg = Debug|Win32
		{804392B8-9E5F-4D7A-B624-CFC3F1938060}.Debug|x86.Build.0 = Debug|Win32
		{804392B8-9E5F-4D7A-B624-CFC3F1938060}.Release|x64.ActiveCfg = Release|x64
		{804392B8-9E5F-4D7A-B624-CFC3F1938060}.Release|x64.Build.0 = Release|x64
		{804392B8-9E5F-4D7A-B624-CFC3F1938060}.Release|x86.ActiveCfg = Release|Win32
		{804392B8-9E5F-4D7A-B624-CFC3F1938060}.Release|x86.Build.0 = Release|Win32
	EndGlobalSection
	GlobalSection(SolutionProperties) = preSolution
		HideSolutionNode = FALSE
	EndGlobalSection
	GlobalSection(ExtensibilityGlobals) = postSolution
		SolutionGuid = {AB0E2D63-1C07-4456-BC8D-FDC8D9F9268A}
	EndGlobalSection
EndGlobal
